<?xml version="1.0" encoding="utf-8"?>
<Project ToolsVersion="4.0" xmlns="http://schemas.microsoft.com/developer/msbuild/2003">
  <ItemGroup>
    <Filter Include="源文件">
      <UniqueIdentifier>{4FC737F1-C7A5-4376-A066-2A32D752A2FF}</UniqueIdentifier>
      <Extensions>cpp;c;cc;cxx;c++;cppm;ixx;def;odl;idl;hpj;bat;asm;asmx</Extensions>
    </Filter>
    <Filter Include="头文件">
      <UniqueIdentifier>{93995380-89BD-4b04-88EB-625FBE52EBFB}</UniqueIdentifier>
      <Extensions>h;hh;hpp;hxx;h++;hm;inl;inc;ipp;xsd</Extensions>
    </Filter>
    <Filter Include="源文件\GNSSDLL">
      <UniqueIdentifier>{2b72b630-79a4-4702-bf48-292eb539fa96}</UniqueIdentifier>
    </Filter>
    <Filter Include="源文件\BASEDLL">
      <UniqueIdentifier>{8958f1eb-1db1-43f6-8497-906a84c5de4f}</UniqueIdentifier>
    </Filter>
    <Filter Include="源文件\RTIEDLL">
      <UniqueIdentifier>{28b53cc4-356a-40a3-8d5c-bfaf3db3134e}</UniqueIdentifier>
    </Filter>
    <Filter Include="头文件\GNSSDLL">
      <UniqueIdentifier>{1ef4bcd7-e74d-4d67-a2be-008a142f9569}</UniqueIdentifier>
    </Filter>
    <Filter Include="头文件\BASEDLL">
      <UniqueIdentifier>{df6b385e-ed1e-4d6d-bc54-36da111eec79}</UniqueIdentifier>
    </Filter>
    <Filter Include="头文件\RTIEDLL">
      <UniqueIdentifier>{4a2f8fe3-7776-4535-80fa-0ae15e4fd5c2}</UniqueIdentifier>
    </Filter>
    <Filter Include="源文件\RTIEDLL\资源文件">
      <UniqueIdentifier>{67DA6AB6-F800-4c08-8B7A-83BB121AAD01}</UniqueIdentifier>
      <Extensions>rc;ico;cur;bmp;dlg;rc2;rct;bin;rgs;gif;jpg;jpeg;jpe;resx;tiff;tif;png;wav;mfcribbon-ms</Extensions>
    </Filter>
  </ItemGroup>
  <ItemGroup>
    <ClInclude Include="IPSDLL\BASEDLL\BaseCmnFunc.h">
      <Filter>头文件\BASEDLL</Filter>
    </ClInclude>
    <ClInclude Include="IPSDLL\BASEDLL\BaseSDC.h">
      <Filter>头文件\BASEDLL</Filter>
    </ClInclude>
    <ClInclude Include="IPSDLL\BASEDLL\BaseTime.h">
      <Filter>头文件\BASEDLL</Filter>
    </ClInclude>
    <ClInclude Include="IPSDLL\BASEDLL\BaseMatrix.h">
      <Filter>头文件\BASEDLL</Filter>
    </ClInclude>
    <ClInclude Include="IPSDLL\BASEDLL\BaseMath.h">
      <Filter>头文件\BASEDLL</Filter>
    </ClInclude>
    <ClInclude Include="IPSDLL\BASEDLL\CLSEstimator.h">
      <Filter>头文件\BASEDLL</Filter>
    </ClInclude>
    <ClInclude Include="IPSDLL\BASEDLL\CILSEstimator.h">
      <Filter>头文件\BASEDLL</Filter>
    </ClInclude>
    <ClInclude Include="IPSDLL\RTIEDLL\rtklib.h">
      <Filter>头文件\RTIEDLL</Filter>
    </ClInclude>
    <ClInclude Include="IPSDLL\GNSSDLL\GNSSSDC.h">
      <Filter>头文件\GNSSDLL</Filter>
    </ClInclude>
    <ClInclude Include="IPSDLL\RTIEDLL\RTKLIB2IPS.h">
      <Filter>头文件\RTIEDLL</Filter>
    </ClInclude>
    <ClInclude Include="IPSDLL\GNSSDLL\GNSSCmnFunc.h">
      <Filter>头文件\GNSSDLL</Filter>
    </ClInclude>
    <ClInclude Include="IPSDLL\GNSSDLL\CEphemerisComputer.h">
      <Filter>头文件\GNSSDLL</Filter>
    </ClInclude>
    <ClInclude Include="IPSDLL\GNSSDLL\CGNSSMember.h">
      <Filter>头文件\GNSSDLL</Filter>
    </ClInclude>
    <ClInclude Include="IPSDLL\GNSSDLL\CIonosphere.h">
      <Filter>头文件\GNSSDLL</Filter>
    </ClInclude>
    <ClInclude Include="IPSDLL\GNSSDLL\CTroposphere.h">
      <Filter>头文件\GNSSDLL</Filter>
    </ClInclude>
    <ClInclude Include="IPSDLL\GNSSDLL\CGNSSQualityControl.h">
      <Filter>头文件\GNSSDLL</Filter>
    </ClInclude>
    <ClInclude Include="IPSDLL\GNSSDLL\CCycleSlipDetection.h">
      <Filter>头文件\GNSSDLL</Filter>
    </ClInclude>
    <ClInclude Include="IPSDLL\GNSSDLL\CSPPoint.h">
      <Filter>头文件\GNSSDLL</Filter>
    </ClInclude>
    <ClInclude Include="IPSDLL\GNSSDLL\CRTKPoint.h">
      <Filter>头文件\GNSSDLL</Filter>
    </ClInclude>
    <ClInclude Include="IPSDLL\GNSSDLL\CGNSSIAR.h">
      <Filter>头文件\GNSSDLL</Filter>
    </ClInclude>
    <ClInclude Include="IPSDLL\GNSSDLL\CGNSSApplication.h">
      <Filter>头文件\GNSSDLL</Filter>
    </ClInclude>
    <ClInclude Include="IPSDLL\RTIEDLL\rinex.h">
      <Filter>头文件\RTIEDLL</Filter>
    </ClInclude>
  </ItemGroup>
  <ItemGroup>
    <ClCompile Include="IPSDLL\BASEDLL\BaseCmnFunc.c">
      <Filter>源文件\BASEDLL</Filter>
    </ClCompile>
    <ClCompile Include="IPSDLL\main.c">
      <Filter>源文件\RTIEDLL\资源文件</Filter>
    </ClCompile>
    <ClCompile Include="IPSDLL\BASEDLL\BaseTime.c">
      <Filter>源文件\BASEDLL</Filter>
    </ClCompile>
    <ClCompile Include="IPSDLL\BASEDLL\BaseMatrix.c">
      <Filter>源文件\BASEDLL</Filter>
    </ClCompile>
    <ClCompile Include="IPSDLL\BASEDLL\BaseMath.c">
      <Filter>源文件\BASEDLL</Filter>
    </ClCompile>
    <ClCompile Include="IPSDLL\BASEDLL\CLSEstimator.c">
      <Filter>源文件\BASEDLL</Filter>
    </ClCompile>
    <ClCompile Include="IPSDLL\BASEDLL\CILSEstimator.c">
      <Filter>源文件\BASEDLL</Filter>
    </ClCompile>
    <ClCompile Include="IPSDLL\RTIEDLL\rtkcmn.c">
      <Filter>源文件\RTIEDLL</Filter>
    </ClCompile>
    <ClCompile Include="IPSDLL\RTIEDLL\rtcm3.c">
      <Filter>源文件\RTIEDLL</Filter>
    </ClCompile>
    <ClCompile Include="IPSDLL\RTIEDLL\rtcm.c">
      <Filter>源文件\RTIEDLL</Filter>
    </ClCompile>
    <ClCompile Include="IPSDLL\GNSSDLL\GNSSCmnFunc.c">
      <Filter>源文件\GNSSDLL</Filter>
    </ClCompile>
    <ClCompile Include="IPSDLL\RTIEDLL\RTKLIB2IPS.c">
      <Filter>源文件\RTIEDLL</Filter>
    </ClCompile>
    <ClCompile Include="IPSDLL\GNSSDLL\CEphemerisComputer.c">
      <Filter>源文件\GNSSDLL</Filter>
    </ClCompile>
    <ClCompile Include="IPSDLL\GNSSDLL\CGNSSMember.c">
      <Filter>源文件\GNSSDLL</Filter>
    </ClCompile>
    <ClCompile Include="IPSDLL\GNSSDLL\CIonosphere.c">
      <Filter>源文件\GNSSDLL</Filter>
    </ClCompile>
    <ClCompile Include="IPSDLL\GNSSDLL\CTroposphere.c">
      <Filter>源文件\GNSSDLL</Filter>
    </ClCompile>
    <ClCompile Include="IPSDLL\GNSSDLL\CGNSSQualityControl.c">
      <Filter>源文件\GNSSDLL</Filter>
    </ClCompile>
    <ClCompile Include="IPSDLL\GNSSDLL\CCycleSlipDetection.c">
      <Filter>源文件\GNSSDLL</Filter>
    </ClCompile>
    <ClCompile Include="IPSDLL\GNSSDLL\CSPPoint.c">
      <Filter>源文件\GNSSDLL</Filter>
    </ClCompile>
    <ClCompile Include="IPSDLL\GNSSDLL\CGNSSIAR.c">
      <Filter>源文件\GNSSDLL</Filter>
    </ClCompile>
    <ClCompile Include="IPSDLL\GNSSDLL\CRTKPoint.c">
      <Filter>源文件\GNSSDLL</Filter>
    </ClCompile>
    <ClCompile Include="IPSDLL\GNSSDLL\GNSSSDC.c">
      <Filter>源文件\GNSSDLL</Filter>
    </ClCompile>
    <ClCompile Include="IPSDLL\GNSSDLL\CGNSSApplication.c">
      <Filter>源文件\GNSSDLL</Filter>
    </ClCompile>
    <ClCompile Include="IPSDLL\RTIEDLL\rinex.c">
      <Filter>源文件\RTIEDLL</Filter>
    </ClCompile>
    <ClCompile Include="IPSDLL\RTIEDLL\nmea.c">
      <Filter>源文件\RTIEDLL</Filter>
    </ClCompile>
  </ItemGroup>
</Project>